// !$*UTF8*$!
{
	archiveVersion = 1;
	classes = {
	};
	objectVersion = 56;
	objects = {

/* Begin PBXBuildFile section */
		86479FCF2AAF54BD00EC0EEF /* AppDelegate.swift in Sources */ = {isa = PBXBuildFile; fileRef = 86479FCE2AAF54BD00EC0EEF /* AppDelegate.swift */; };
		86479FD12AAF54BD00EC0EEF /* SceneDelegate.swift in Sources */ = {isa = PBXBuildFile; fileRef = 86479FD02AAF54BD00EC0EEF /* SceneDelegate.swift */; };
		86479FD32AAF54BD00EC0EEF /* MovieViewController.swift in Sources */ = {isa = PBXBuildFile; fileRef = 86479FD22AAF54BD00EC0EEF /* MovieViewController.swift */; };
		86479FD62AAF54BD00EC0EEF /* Main.storyboard in Resources */ = {isa = PBXBuildFile; fileRef = 86479FD42AAF54BD00EC0EEF /* Main.storyboard */; };
		86479FD82AAF54C300EC0EEF /* Assets.xcassets in Resources */ = {isa = PBXBuildFile; fileRef = 86479FD72AAF54C300EC0EEF /* Assets.xcassets */; };
		86479FDB2AAF54C300EC0EEF /* LaunchScreen.storyboard in Resources */ = {isa = PBXBuildFile; fileRef = 86479FD92AAF54C300EC0EEF /* LaunchScreen.storyboard */; };
		86479FE62AAF54C500EC0EEF /* CodePath_Unit2_Flixster_PT1Tests.swift in Sources */ = {isa = PBXBuildFile; fileRef = 86479FE52AAF54C500EC0EEF /* CodePath_Unit2_Flixster_PT1Tests.swift */; };
		86479FF02AAF54C500EC0EEF /* CodePath_Unit2_Flixster_PT1UITests.swift in Sources */ = {isa = PBXBuildFile; fileRef = 86479FEF2AAF54C500EC0EEF /* CodePath_Unit2_Flixster_PT1UITests.swift */; };
		86479FF22AAF54C500EC0EEF /* CodePath_Unit2_Flixster_PT1UITestsLaunchTests.swift in Sources */ = {isa = PBXBuildFile; fileRef = 86479FF12AAF54C500EC0EEF /* CodePath_Unit2_Flixster_PT1UITestsLaunchTests.swift */; };
		86479FFF2AAF71CF00EC0EEF /* Movie.swift in Sources */ = {isa = PBXBuildFile; fileRef = 86479FFE2AAF71CF00EC0EEF /* Movie.swift */; };
		8647A0012AAF840400EC0EEF /* MovieCell.swift in Sources */ = {isa = PBXBuildFile; fileRef = 8647A0002AAF840400EC0EEF /* MovieCell.swift */; };
		8647A0072AAFA7A200EC0EEF /* Nuke in Frameworks */ = {isa = PBXBuildFile; productRef = 8647A0062AAFA7A200EC0EEF /* Nuke */; };
		8647A00D2AB00C3900EC0EEF /* DetailViewController.swift in Sources */ = {isa = PBXBuildFile; fileRef = 8647A00C2AB00C3900EC0EEF /* DetailViewController.swift */; };
/* End PBXBuildFile section */

/* Begin PBXContainerItemProxy section */
		86479FE22AAF54C500EC0EEF /* PBXContainerItemProxy */ = {
			isa = PBXContainerItemProxy;
			containerPortal = 86479FC32AAF54BD00EC0EEF /* Project object */;
			proxyType = 1;
			remoteGlobalIDString = 86479FCA2AAF54BD00EC0EEF;
			remoteInfo = CodePath_Unit2_Flixster_PT1;
		};
		86479FEC2AAF54C500EC0EEF /* PBXContainerItemProxy */ = {
			isa = PBXContainerItemProxy;
			containerPortal = 86479FC32AAF54BD00EC0EEF /* Project object */;
			proxyType = 1;
			remoteGlobalIDString = 86479FCA2AAF54BD00EC0EEF;
			remoteInfo = CodePath_Unit2_Flixster_PT1;
		};
/* End PBXContainerItemProxy section */

/* Begin PBXFileReference section */
		86479FCB2AAF54BD00EC0EEF /* CodePath_Unit2_Flixster_PT1.app */ = {isa = PBXFileReference; explicitFileType = wrapper.application; includeInIndex = 0; path = CodePath_Unit2_Flixster_PT1.app; sourceTree = BUILT_PRODUCTS_DIR; };
		86479FCE2AAF54BD00EC0EEF /* AppDelegate.swift */ = {isa = PBXFileReference; lastKnownFileType = sourcecode.swift; path = AppDelegate.swift; sourceTree = "<group>"; };
		86479FD02AAF54BD00EC0EEF /* SceneDelegate.swift */ = {isa = PBXFileReference; lastKnownFileType = sourcecode.swift; path = SceneDelegate.swift; sourceTree = "<group>"; };
		86479FD22AAF54BD00EC0EEF /* MovieViewController.swift */ = {isa = PBXFileReference; lastKnownFileType = sourcecode.swift; path = MovieViewController.swift; sourceTree = "<group>"; };
		86479FD52AAF54BD00EC0EEF /* Base */ = {isa = PBXFileReference; lastKnownFileType = file.storyboard; name = Base; path = Base.lproj/Main.storyboard; sourceTree = "<group>"; };
		86479FD72AAF54C300EC0EEF /* Assets.xcassets */ = {isa = PBXFileReference; lastKnownFileType = folder.assetcatalog; path = Assets.xcassets; sourceTree = "<group>"; };
		86479FDA2AAF54C300EC0EEF /* Base */ = {isa = PBXFileReference; lastKnownFileType = file.storyboard; name = Base; path = Base.lproj/LaunchScreen.storyboard; sourceTree = "<group>"; };
		86479FDC2AAF54C300EC0EEF /* Info.plist */ = {isa = PBXFileReference; lastKnownFileType = text.plist.xml; path = Info.plist; sourceTree = "<group>"; };
		86479FE12AAF54C500EC0EEF /* CodePath_Unit2_Flixster_PT1Tests.xctest */ = {isa = PBXFileReference; explicitFileType = wrapper.cfbundle; includeInIndex = 0; path = CodePath_Unit2_Flixster_PT1Tests.xctest; sourceTree = BUILT_PRODUCTS_DIR; };
		86479FE52AAF54C500EC0EEF /* CodePath_Unit2_Flixster_PT1Tests.swift */ = {isa = PBXFileReference; lastKnownFileType = sourcecode.swift; path = CodePath_Unit2_Flixster_PT1Tests.swift; sourceTree = "<group>"; };
		86479FEB2AAF54C500EC0EEF /* CodePath_Unit2_Flixster_PT1UITests.xctest */ = {isa = PBXFileReference; explicitFileType = wrapper.cfbundle; includeInIndex = 0; path = CodePath_Unit2_Flixster_PT1UITests.xctest; sourceTree = BUILT_PRODUCTS_DIR; };
		86479FEF2AAF54C500EC0EEF /* CodePath_Unit2_Flixster_PT1UITests.swift */ = {isa = PBXFileReference; lastKnownFileType = sourcecode.swift; path = CodePath_Unit2_Flixster_PT1UITests.swift; sourceTree = "<group>"; };
		86479FF12AAF54C500EC0EEF /* CodePath_Unit2_Flixster_PT1UITestsLaunchTests.swift */ = {isa = PBXFileReference; lastKnownFileType = sourcecode.swift; path = CodePath_Unit2_Flixster_PT1UITestsLaunchTests.swift; sourceTree = "<group>"; };
		86479FFE2AAF71CF00EC0EEF /* Movie.swift */ = {isa = PBXFileReference; lastKnownFileType = sourcecode.swift; path = Movie.swift; sourceTree = "<group>"; };
		8647A0002AAF840400EC0EEF /* MovieCell.swift */ = {isa = PBXFileReference; lastKnownFileType = sourcecode.swift; path = MovieCell.swift; sourceTree = "<group>"; };
		8647A00C2AB00C3900EC0EEF /* DetailViewController.swift */ = {isa = PBXFileReference; lastKnownFileType = sourcecode.swift; path = DetailViewController.swift; sourceTree = "<group>"; };
/* End PBXFileReference section */

/* Begin PBXFrameworksBuildPhase section */
		86479FC82AAF54BD00EC0EEF /* Frameworks */ = {
			isa = PBXFrameworksBuildPhase;
			buildActionMask = 2147483647;
			files = (
				8647A0072AAFA7A200EC0EEF /* Nuke in Frameworks */,
			);
			runOnlyForDeploymentPostprocessing = 0;
		};
		86479FDE2AAF54C500EC0EEF /* Frameworks */ = {
			isa = PBXFrameworksBuildPhase;
			buildActionMask = 2147483647;
			files = (
			);
			runOnlyForDeploymentPostprocessing = 0;
		};
		86479FE82AAF54C500EC0EEF /* Frameworks */ = {
			isa = PBXFrameworksBuildPhase;
			buildActionMask = 2147483647;
			files = (
			);
			runOnlyForDeploymentPostprocessing = 0;
		};
/* End PBXFrameworksBuildPhase section */

/* Begin PBXGroup section */
		86479FC22AAF54BD00EC0EEF = {
			isa = PBXGroup;
			children = (
				86479FCD2AAF54BD00EC0EEF /* CodePath_Unit2_Flixster_PT1 */,
				86479FE42AAF54C500EC0EEF /* CodePath_Unit2_Flixster_PT1Tests */,
				86479FEE2AAF54C500EC0EEF /* CodePath_Unit2_Flixster_PT1UITests */,
				86479FCC2AAF54BD00EC0EEF /* Products */,
			);
			sourceTree = "<group>";
		};
		86479FCC2AAF54BD00EC0EEF /* Products */ = {
			isa = PBXGroup;
			children = (
				86479FCB2AAF54BD00EC0EEF /* CodePath_Unit2_Flixster_PT1.app */,
				86479FE12AAF54C500EC0EEF /* CodePath_Unit2_Flixster_PT1Tests.xctest */,
				86479FEB2AAF54C500EC0EEF /* CodePath_Unit2_Flixster_PT1UITests.xctest */,
			);
			name = Products;
			sourceTree = "<group>";
		};
		86479FCD2AAF54BD00EC0EEF /* CodePath_Unit2_Flixster_PT1 */ = {
			isa = PBXGroup;
			children = (
				86479FCE2AAF54BD00EC0EEF /* AppDelegate.swift */,
				86479FD02AAF54BD00EC0EEF /* SceneDelegate.swift */,
				86479FD22AAF54BD00EC0EEF /* MovieViewController.swift */,
				86479FFE2AAF71CF00EC0EEF /* Movie.swift */,
				8647A0002AAF840400EC0EEF /* MovieCell.swift */,
				8647A00C2AB00C3900EC0EEF /* DetailViewController.swift */,
				86479FD42AAF54BD00EC0EEF /* Main.storyboard */,
				86479FD72AAF54C300EC0EEF /* Assets.xcassets */,
				86479FD92AAF54C300EC0EEF /* LaunchScreen.storyboard */,
				86479FDC2AAF54C300EC0EEF /* Info.plist */,
			);
			path = CodePath_Unit2_Flixster_PT1;
			sourceTree = "<group>";
		};
		86479FE42AAF54C500EC0EEF /* CodePath_Unit2_Flixster_PT1Tests */ = {
			isa = PBXGroup;
			children = (
				86479FE52AAF54C500EC0EEF /* CodePath_Unit2_Flixster_PT1Tests.swift */,
			);
			path = CodePath_Unit2_Flixster_PT1Tests;
			sourceTree = "<group>";
		};
		86479FEE2AAF54C500EC0EEF /* CodePath_Unit2_Flixster_PT1UITests */ = {
			isa = PBXGroup;
			children = (
				86479FEF2AAF54C500EC0EEF /* CodePath_Unit2_Flixster_PT1UITests.swift */,
				86479FF12AAF54C500EC0EEF /* CodePath_Unit2_Flixster_PT1UITestsLaunchTests.swift */,
			);
			path = CodePath_Unit2_Flixster_PT1UITests;
			sourceTree = "<group>";
		};
/* End PBXGroup section */

/* Begin PBXNativeTarget section */
		86479FCA2AAF54BD00EC0EEF /* CodePath_Unit2_Flixster_PT1 */ = {
			isa = PBXNativeTarget;
			buildConfigurationList = 86479FF52AAF54C500EC0EEF /* Build configuration list for PBXNativeTarget "CodePath_Unit2_Flixster_PT1" */;
			buildPhases = (
				86479FC72AAF54BD00EC0EEF /* Sources */,
				86479FC82AAF54BD00EC0EEF /* Frameworks */,
				86479FC92AAF54BD00EC0EEF /* Resources */,
			);
			buildRules = (
			);
			dependencies = (
			);
			name = CodePath_Unit2_Flixster_PT1;
			packageProductDependencies = (
				8647A0062AAFA7A200EC0EEF /* Nuke */,
			);
			productName = CodePath_Unit2_Flixster_PT1;
			productReference = 86479FCB2AAF54BD00EC0EEF /* CodePath_Unit2_Flixster_PT1.app */;
			productType = "com.apple.product-type.application";
		};
		86479FE02AAF54C500EC0EEF /* CodePath_Unit2_Flixster_PT1Tests */ = {
			isa = PBXNativeTarget;
			buildConfigurationList = 86479FF82AAF54C500EC0EEF /* Build configuration list for PBXNativeTarget "CodePath_Unit2_Flixster_PT1Tests" */;
			buildPhases = (
				86479FDD2AAF54C500EC0EEF /* Sources */,
				86479FDE2AAF54C500EC0EEF /* Frameworks */,
				86479FDF2AAF54C500EC0EEF /* Resources */,
			);
			buildRules = (
			);
			dependencies = (
				86479FE32AAF54C500EC0EEF /* PBXTargetDependency */,
			);
			name = CodePath_Unit2_Flixster_PT1Tests;
			productName = CodePath_Unit2_Flixster_PT1Tests;
			productReference = 86479FE12AAF54C500EC0EEF /* CodePath_Unit2_Flixster_PT1Tests.xctest */;
			productType = "com.apple.product-type.bundle.unit-test";
		};
		86479FEA2AAF54C500EC0EEF /* CodePath_Unit2_Flixster_PT1UITests */ = {
			isa = PBXNativeTarget;
			buildConfigurationList = 86479FFB2AAF54C500EC0EEF /* Build configuration list for PBXNativeTarget "CodePath_Unit2_Flixster_PT1UITests" */;
			buildPhases = (
				86479FE72AAF54C500EC0EEF /* Sources */,
				86479FE82AAF54C500EC0EEF /* Frameworks */,
				86479FE92AAF54C500EC0EEF /* Resources */,
			);
			buildRules = (
			);
			dependencies = (
				86479FED2AAF54C500EC0EEF /* PBXTargetDependency */,
			);
			name = CodePath_Unit2_Flixster_PT1UITests;
			productName = CodePath_Unit2_Flixster_PT1UITests;
			productReference = 86479FEB2AAF54C500EC0EEF /* CodePath_Unit2_Flixster_PT1UITests.xctest */;
			productType = "com.apple.product-type.bundle.ui-testing";
		};
/* End PBXNativeTarget section */

/* Begin PBXProject section */
		86479FC32AAF54BD00EC0EEF /* Project object */ = {
			isa = PBXProject;
			attributes = {
				BuildIndependentTargetsInParallel = 1;
				LastSwiftUpdateCheck = 1430;
				LastUpgradeCheck = 1430;
				TargetAttributes = {
					86479FCA2AAF54BD00EC0EEF = {
						CreatedOnToolsVersion = 14.3.1;
					};
					86479FE02AAF54C500EC0EEF = {
						CreatedOnToolsVersion = 14.3.1;
						TestTargetID = 86479FCA2AAF54BD00EC0EEF;
					};
					86479FEA2AAF54C500EC0EEF = {
						CreatedOnToolsVersion = 14.3.1;
						TestTargetID = 86479FCA2AAF54BD00EC0EEF;
					};
				};
			};
			buildConfigurationList = 86479FC62AAF54BD00EC0EEF /* Build configuration list for PBXProject "CodePath_Unit2_Flixster_PT1" */;
			compatibilityVersion = "Xcode 14.0";
			developmentRegion = en;
			hasScannedForEncodings = 0;
			knownRegions = (
				en,
				Base,
			);
			mainGroup = 86479FC22AAF54BD00EC0EEF;
			packageReferences = (
				8647A0052AAFA7A200EC0EEF /* XCRemoteSwiftPackageReference "Nuke" */,
			);
			productRefGroup = 86479FCC2AAF54BD00EC0EEF /* Products */;
			projectDirPath = "";
			projectRoot = "";
			targets = (
				86479FCA2AAF54BD00EC0EEF /* CodePath_Unit2_Flixster_PT1 */,
				86479FE02AAF54C500EC0EEF /* CodePath_Unit2_Flixster_PT1Tests */,
				86479FEA2AAF54C500EC0EEF /* CodePath_Unit2_Flixster_PT1UITests */,
			);
		};
/* End PBXProject section */

/* Begin PBXResourcesBuildPhase section */
		86479FC92AAF54BD00EC0EEF /* Resources */ = {
			isa = PBXResourcesBuildPhase;
			buildActionMask = 2147483647;
			files = (
				86479FDB2AAF54C300EC0EEF /* LaunchScreen.storyboard in Resources */,
				86479FD82AAF54C300EC0EEF /* Assets.xcassets in Resources */,
				86479FD62AAF54BD00EC0EEF /* Main.storyboard in Resources */,
			);
			runOnlyForDeploymentPostprocessing = 0;
		};
		86479FDF2AAF54C500EC0EEF /* Resources */ = {
			isa = PBXResourcesBuildPhase;
			buildActionMask = 2147483647;
			files = (
			);
			runOnlyForDeploymentPostprocessing = 0;
		};
		86479FE92AAF54C500EC0EEF /* Resources */ = {
			isa = PBXResourcesBuildPhase;
			buildActionMask = 2147483647;
			files = (
			);
			runOnlyForDeploymentPostprocessing = 0;
		};
/* End PBXResourcesBuildPhase section */

/* Begin PBXSourcesBuildPhase section */
		86479FC72AAF54BD00EC0EEF /* Sources */ = {
			isa = PBXSourcesBuildPhase;
			buildActionMask = 2147483647;
			files = (
				86479FD32AAF54BD00EC0EEF /* MovieViewController.swift in Sources */,
				86479FCF2AAF54BD00EC0EEF /* AppDelegate.swift in Sources */,
				86479FFF2AAF71CF00EC0EEF /* Movie.swift in Sources */,
				8647A00D2AB00C3900EC0EEF /* DetailViewController.swift in Sources */,
				8647A0012AAF840400EC0EEF /* MovieCell.swift in Sources */,
				86479FD12AAF54BD00EC0EEF /* SceneDelegate.swift in Sources */,
			);
			runOnlyForDeploymentPostprocessing = 0;
		};
		86479FDD2AAF54C500EC0EEF /* Sources */ = {
			isa = PBXSourcesBuildPhase;
			buildActionMask = 2147483647;
			files = (
				86479FE62AAF54C500EC0EEF /* CodePath_Unit2_Flixster_PT1Tests.swift in Sources */,
			);
			runOnlyForDeploymentPostprocessing = 0;
		};
		86479FE72AAF54C500EC0EEF /* Sources */ = {
			isa = PBXSourcesBuildPhase;
			buildActionMask = 2147483647;
			files = (
				86479FF22AAF54C500EC0EEF /* CodePath_Unit2_Flixster_PT1UITestsLaunchTests.swift in Sources */,
				86479FF02AAF54C500EC0EEF /* CodePath_Unit2_Flixster_PT1UITests.swift in Sources */,
			);
			runOnlyForDeploymentPostprocessing = 0;
		};
/* End PBXSourcesBuildPhase section */

/* Begin PBXTargetDependency section */
		86479FE32AAF54C500EC0EEF /* PBXTargetDependency */ = {
			isa = PBXTargetDependency;
			target = 86479FCA2AAF54BD00EC0EEF /* CodePath_Unit2_Flixster_PT1 */;
			targetProxy = 86479FE22AAF54C500EC0EEF /* PBXContainerItemProxy */;
		};
		86479FED2AAF54C500EC0EEF /* PBXTargetDependency */ = {
			isa = PBXTargetDependency;
			target = 86479FCA2AAF54BD00EC0EEF /* CodePath_Unit2_Flixster_PT1 */;
			targetProxy = 86479FEC2AAF54C500EC0EEF /* PBXContainerItemProxy */;
		};
/* End PBXTargetDependency section */

/* Begin PBXVariantGroup section */
		86479FD42AAF54BD00EC0EEF /* Main.storyboard */ = {
			isa = PBXVariantGroup;
			children = (
				86479FD52AAF54BD00EC0EEF /* Base */,
			);
			name = Main.storyboard;
			sourceTree = "<group>";
		};
		86479FD92AAF54C300EC0EEF /* LaunchScreen.storyboard */ = {
			isa = PBXVariantGroup;
			children = (
				86479FDA2AAF54C300EC0EEF /* Base */,
			);
			name = LaunchScreen.storyboard;
			sourceTree = "<group>";
		};
/* End PBXVariantGroup section */

/* Begin XCBuildConfiguration section */
		86479FF32AAF54C500EC0EEF /* Debug */ = {
			isa = XCBuildConfiguration;
			buildSettings = {
				ALWAYS_SEARCH_USER_PATHS = NO;
				CLANG_ANALYZER_NONNULL = YES;
				CLANG_ANALYZER_NUMBER_OBJECT_CONVERSION = YES_AGGRESSIVE;
				CLANG_CXX_LANGUAGE_STANDARD = "gnu++20";
				CLANG_ENABLE_MODULES = YES;
				CLANG_ENABLE_OBJC_ARC = YES;
				CLANG_ENABLE_OBJC_WEAK = YES;
				CLANG_WARN_BLOCK_CAPTURE_AUTORELEASING = YES;
				CLANG_WARN_BOOL_CONVERSION = YES;
				CLANG_WARN_COMMA = YES;
				CLANG_WARN_CONSTANT_CONVERSION = YES;
				CLANG_WARN_DEPRECATED_OBJC_IMPLEMENTATIONS = YES;
				CLANG_WARN_DIRECT_OBJC_ISA_USAGE = YES_ERROR;
				CLANG_WARN_DOCUMENTATION_COMMENTS = YES;
				CLANG_WARN_EMPTY_BODY = YES;
				CLANG_WARN_ENUM_CONVERSION = YES;
				CLANG_WARN_INFINITE_RECURSION = YES;
				CLANG_WARN_INT_CONVERSION = YES;
				CLANG_WARN_NON_LITERAL_NULL_CONVERSION = YES;
				CLANG_WARN_OBJC_IMPLICIT_RETAIN_SELF = YES;
				CLANG_WARN_OBJC_LITERAL_CONVERSION = YES;
				CLANG_WARN_OBJC_ROOT_CLASS = YES_ERROR;
				CLANG_WARN_QUOTED_INCLUDE_IN_FRAMEWORK_HEADER = YES;
				CLANG_WARN_RANGE_LOOP_ANALYSIS = YES;
				CLANG_WARN_STRICT_PROTOTYPES = YES;
				CLANG_WARN_SUSPICIOUS_MOVE = YES;
				CLANG_WARN_UNGUARDED_AVAILABILITY = YES_AGGRESSIVE;
				CLANG_WARN_UNREACHABLE_CODE = YES;
				CLANG_WARN__DUPLICATE_METHOD_MATCH = YES;
				COPY_PHASE_STRIP = NO;
				DEBUG_INFORMATION_FORMAT = dwarf;
				ENABLE_STRICT_OBJC_MSGSEND = YES;
				ENABLE_TESTABILITY = YES;
				GCC_C_LANGUAGE_STANDARD = gnu11;
				GCC_DYNAMIC_NO_PIC = NO;
				GCC_NO_COMMON_BLOCKS = YES;
				GCC_OPTIMIZATION_LEVEL = 0;
				GCC_PREPROCESSOR_DEFINITIONS = (
					"DEBUG=1",
					"$(inherited)",
				);
				GCC_WARN_64_TO_32_BIT_CONVERSION = YES;
				GCC_WARN_ABOUT_RETURN_TYPE = YES_ERROR;
				GCC_WARN_UNDECLARED_SELECTOR = YES;
				GCC_WARN_UNINITIALIZED_AUTOS = YES_AGGRESSIVE;
				GCC_WARN_UNUSED_FUNCTION = YES;
				GCC_WARN_UNUSED_VARIABLE = YES;
				IPHONEOS_DEPLOYMENT_TARGET = 16.4;
				MTL_ENABLE_DEBUG_INFO = INCLUDE_SOURCE;
				MTL_FAST_MATH = YES;
				ONLY_ACTIVE_ARCH = YES;
				SDKROOT = iphoneos;
				SWIFT_ACTIVE_COMPILATION_CONDITIONS = DEBUG;
				SWIFT_OPTIMIZATION_LEVEL = "-Onone";
			};
			name = Debug;
		};
		86479FF42AAF54C500EC0EEF /* Release */ = {
			isa = XCBuildConfiguration;
			buildSettings = {
				ALWAYS_SEARCH_USER_PATHS = NO;
				CLANG_ANALYZER_NONNULL = YES;
				CLANG_ANALYZER_NUMBER_OBJECT_CONVERSION = YES_AGGRESSIVE;
				CLANG_CXX_LANGUAGE_STANDARD = "gnu++20";
				CLANG_ENABLE_MODULES = YES;
				CLANG_ENABLE_OBJC_ARC = YES;
				CLANG_ENABLE_OBJC_WEAK = YES;
				CLANG_WARN_BLOCK_CAPTURE_AUTORELEASING = YES;
				CLANG_WARN_BOOL_CONVERSION = YES;
				CLANG_WARN_COMMA = YES;
				CLANG_WARN_CONSTANT_CONVERSION = YES;
				CLANG_WARN_DEPRECATED_OBJC_IMPLEMENTATIONS = YES;
				CLANG_WARN_DIRECT_OBJC_ISA_USAGE = YES_ERROR;
				CLANG_WARN_DOCUMENTATION_COMMENTS = YES;
				CLANG_WARN_EMPTY_BODY = YES;
				CLANG_WARN_ENUM_CONVERSION = YES;
				CLANG_WARN_INFINITE_RECURSION = YES;
				CLANG_WARN_INT_CONVERSION = YES;
				CLANG_WARN_NON_LITERAL_NULL_CONVERSION = YES;
				CLANG_WARN_OBJC_IMPLICIT_RETAIN_SELF = YES;
				CLANG_WARN_OBJC_LITERAL_CONVERSION = YES;
				CLANG_WARN_OBJC_ROOT_CLASS = YES_ERROR;
				CLANG_WARN_QUOTED_INCLUDE_IN_FRAMEWORK_HEADER = YES;
				CLANG_WARN_RANGE_LOOP_ANALYSIS = YES;
				CLANG_WARN_STRICT_PROTOTYPES = YES;
				CLANG_WARN_SUSPICIOUS_MOVE = YES;
				CLANG_WARN_UNGUARDED_AVAILABILITY = YES_AGGRESSIVE;
				CLANG_WARN_UNREACHABLE_CODE = YES;
				CLANG_WARN__DUPLICATE_METHOD_MATCH = YES;
				COPY_PHASE_STRIP = NO;
				DEBUG_INFORMATION_FORMAT = "dwarf-with-dsym";
				ENABLE_NS_ASSERTIONS = NO;
				ENABLE_STRICT_OBJC_MSGSEND = YES;
				GCC_C_LANGUAGE_STANDARD = gnu11;
				GCC_NO_COMMON_BLOCKS = YES;
				GCC_WARN_64_TO_32_BIT_CONVERSION = YES;
				GCC_WARN_ABOUT_RETURN_TYPE = YES_ERROR;
				GCC_WARN_UNDECLARED_SELECTOR = YES;
				GCC_WARN_UNINITIALIZED_AUTOS = YES_AGGRESSIVE;
				GCC_WARN_UNUSED_FUNCTION = YES;
				GCC_WARN_UNUSED_VARIABLE = YES;
				IPHONEOS_DEPLOYMENT_TARGET = 16.4;
				MTL_ENABLE_DEBUG_INFO = NO;
				MTL_FAST_MATH = YES;
				SDKROOT = iphoneos;
				SWIFT_COMPILATION_MODE = wholemodule;
				SWIFT_OPTIMIZATION_LEVEL = "-O";
				VALIDATE_PRODUCT = YES;
			};
			name = Release;
		};
		86479FF62AAF54C500EC0EEF /* Debug */ = {
			isa = XCBuildConfiguration;
			buildSettings = {
				ASSETCATALOG_COMPILER_APPICON_NAME = AppIcon;
				ASSETCATALOG_COMPILER_GLOBAL_ACCENT_COLOR_NAME = AccentColor;
				CODE_SIGN_STYLE = Automatic;
				CURRENT_PROJECT_VERSION = 1;
				DEVELOPMENT_TEAM = HUK92JKVUW;
				GENERATE_INFOPLIST_FILE = YES;
				INFOPLIST_FILE = CodePath_Unit2_Flixster_PT1/Info.plist;
				INFOPLIST_KEY_UIApplicationSupportsIndirectInputEvents = YES;
				INFOPLIST_KEY_UILaunchStoryboardName = LaunchScreen;
				INFOPLIST_KEY_UIMainStoryboardFile = Main;
				INFOPLIST_KEY_UISupportedInterfaceOrientations_iPad = "UIInterfaceOrientationPortrait UIInterfaceOrientationPortraitUpsideDown UIInterfaceOrientationLandscapeLeft UIInterfaceOrientationLandscapeRight";
				INFOPLIST_KEY_UISupportedInterfaceOrientations_iPhone = "UIInterfaceOrientationPortrait UIInterfaceOrientationLandscapeLeft UIInterfaceOrientationLandscapeRight";
				LD_RUNPATH_SEARCH_PATHS = (
					"$(inherited)",
					"@executable_path/Frameworks",
				);
				MARKETING_VERSION = 1.0;
				PRODUCT_BUNDLE_IDENTIFIER = "com.frankgomez.CodePath-Unit2-Flixster-PT1";
				PRODUCT_NAME = "$(TARGET_NAME)";
				SWIFT_EMIT_LOC_STRINGS = YES;
				SWIFT_VERSION = 5.0;
				TARGETED_DEVICE_FAMILY = "1,2";
			};
			name = Debug;
		};
		86479FF72AAF54C500EC0EEF /* Release */ = {
			isa = XCBuildConfiguration;
			buildSettings = {
				ASSETCATALOG_COMPILER_APPICON_NAME = AppIcon;
				ASSETCATALOG_COMPILER_GLOBAL_ACCENT_COLOR_NAME = AccentColor;
				CODE_SIGN_STYLE = Automatic;
				CURRENT_PROJECT_VERSION = 1;
				DEVELOPMENT_TEAM = HUK92JKVUW;
				GENERATE_INFOPLIST_FILE = YES;
				INFOPLIST_FILE = CodePath_Unit2_Flixster_PT1/Info.plist;
				INFOPLIST_KEY_UIApplicationSupportsIndirectInputEvents = YES;
				INFOPLIST_KEY_UILaunchStoryboardName = LaunchScreen;
				INFOPLIST_KEY_UIMainStoryboardFile = Main;
				INFOPLIST_KEY_UISupportedInterfaceOrientations_iPad = "UIInterfaceOrientationPortrait UIInterfaceOrientationPortraitUpsideDown UIInterfaceOrientationLandscapeLeft UIInterfaceOrientationLandscapeRight";
				INFOPLIST_KEY_UISupportedInterfaceOrientations_iPhone = "UIInterfaceOrientationPortrait UIInterfaceOrientationLandscapeLeft UIInterfaceOrientationLandscapeRight";
				LD_RUNPATH_SEARCH_PATHS = (
					"$(inherited)",
					"@executable_path/Frameworks",
				);
				MARKETING_VERSION = 1.0;
				PRODUCT_BUNDLE_IDENTIFIER = "com.frankgomez.CodePath-Unit2-Flixster-PT1";
				PRODUCT_NAME = "$(TARGET_NAME)";
				SWIFT_EMIT_LOC_STRINGS = YES;
				SWIFT_VERSION = 5.0;
				TARGETED_DEVICE_FAMILY = "1,2";
			};
			name = Release;
		};
		86479FF92AAF54C500EC0EEF /* Debug */ = {
			isa = XCBuildConfiguration;
			buildSettings = {
				ALWAYS_EMBED_SWIFT_STANDARD_LIBRARIES = YES;
				BUNDLE_LOADER = "$(TEST_HOST)";
				CODE_SIGN_STYLE = Automatic;
				CURRENT_PROJECT_VERSION = 1;
				DEVELOPMENT_TEAM = HUK92JKVUW;
				GENERATE_INFOPLIST_FILE = YES;
				IPHONEOS_DEPLOYMENT_TARGET = 16.4;
				MARKETING_VERSION = 1.0;
				PRODUCT_BUNDLE_IDENTIFIER = "com.frankgomez.CodePath-Unit2-Flixster-PT1Tests";
				PRODUCT_NAME = "$(TARGET_NAME)";
				SWIFT_EMIT_LOC_STRINGS = NO;
				SWIFT_VERSION = 5.0;
				TARGETED_DEVICE_FAMILY = "1,2";
				TEST_HOST = "$(BUILT_PRODUCTS_DIR)/CodePath_Unit2_Flixster_PT1.app/$(BUNDLE_EXECUTABLE_FOLDER_PATH)/CodePath_Unit2_Flixster_PT1";
			};
			name = Debug;
		};
		86479FFA2AAF54C500EC0EEF /* Release */ = {
			isa = XCBuildConfiguration;
			buildSettings = {
				ALWAYS_EMBED_SWIFT_STANDARD_LIBRARIES = YES;
				BUNDLE_LOADER = "$(TEST_HOST)";
				CODE_SIGN_STYLE = Automatic;
				CURRENT_PROJECT_VERSION = 1;
				DEVELOPMENT_TEAM = HUK92JKVUW;
				GENERATE_INFOPLIST_FILE = YES;
				IPHONEOS_DEPLOYMENT_TARGET = 16.4;
				MARKETING_VERSION = 1.0;
				PRODUCT_BUNDLE_IDENTIFIER = "com.frankgomez.CodePath-Unit2-Flixster-PT1Tests";
				PRODUCT_NAME = "$(TARGET_NAME)";
				SWIFT_EMIT_LOC_STRINGS = NO;
				SWIFT_VERSION = 5.0;
				TARGETED_DEVICE_FAMILY = "1,2";
				TEST_HOST = "$(BUILT_PRODUCTS_DIR)/CodePath_Unit2_Flixster_PT1.app/$(BUNDLE_EXECUTABLE_FOLDER_PATH)/CodePath_Unit2_Flixster_PT1";
			};
			name = Release;
		};
		86479FFC2AAF54C500EC0EEF /* Debug */ = {
			isa = XCBuildConfiguration;
			buildSettings = {
				ALWAYS_EMBED_SWIFT_STANDARD_LIBRARIES = YES;
				CODE_SIGN_STYLE = Automatic;
				CURRENT_PROJECT_VERSION = 1;
				DEVELOPMENT_TEAM = HUK92JKVUW;
				GENERATE_INFOPLIST_FILE = YES;
				MARKETING_VERSION = 1.0;
				PRODUCT_BUNDLE_IDENTIFIER = "com.frankgomez.CodePath-Unit2-Flixster-PT1UITests";
				PRODUCT_NAME = "$(TARGET_NAME)";
				SWIFT_EMIT_LOC_STRINGS = NO;
				SWIFT_VERSION = 5.0;
				TARGETED_DEVICE_FAMILY = "1,2";
				TEST_TARGET_NAME = CodePath_Unit2_Flixster_PT1;
			};
			name = Debug;
		};
		86479FFD2AAF54C500EC0EEF /* Release */ = {
			isa = XCBuildConfiguration;
			buildSettings = {
				ALWAYS_EMBED_SWIFT_STANDARD_LIBRARIES = YES;
				CODE_SIGN_STYLE = Automatic;
				CURRENT_PROJECT_VERSION = 1;
				DEVELOPMENT_TEAM = HUK92JKVUW;
				GENERATE_INFOPLIST_FILE = YES;
				MARKETING_VERSION = 1.0;
				PRODUCT_BUNDLE_IDENTIFIER = "com.frankgomez.CodePath-Unit2-Flixster-PT1UITests";
				PRODUCT_NAME = "$(TARGET_NAME)";
				SWIFT_EMIT_LOC_STRINGS = NO;
				SWIFT_VERSION = 5.0;
				TARGETED_DEVICE_FAMILY = "1,2";
				TEST_TARGET_NAME = CodePath_Unit2_Flixster_PT1;
			};
			name = Release;
		};
/* End XCBuildConfiguration section */

/* Begin XCConfigurationList section */
		86479FC62AAF54BD00EC0EEF /* Build configuration list for PBXProject "CodePath_Unit2_Flixster_PT1" */ = {
			isa = XCConfigurationList;
			buildConfigurations = (
				86479FF32AAF54C500EC0EEF /* Debug */,
				86479FF42AAF54C500EC0EEF /* Release */,
			);
			defaultConfigurationIsVisible = 0;
			defaultConfigurationName = Release;
		};
		86479FF52AAF54C500EC0EEF /* Build configuration list for PBXNativeTarget "CodePath_Unit2_Flixster_PT1" */ = {
			isa = XCConfigurationList;
			buildConfigurations = (
				86479FF62AAF54C500EC0EEF /* Debug */,
				86479FF72AAF54C500EC0EEF /* Release */,
			);
			defaultConfigurationIsVisible = 0;
			defaultConfigurationName = Release;
		};
		86479FF82AAF54C500EC0EEF /* Build configuration list for PBXNativeTarget "CodePath_Unit2_Flixster_PT1Tests" */ = {
			isa = XCConfigurationList;
			buildConfigurations = (
				86479FF92AAF54C500EC0EEF /* Debug */,
				86479FFA2AAF54C500EC0EEF /* Release */,
			);
			defaultConfigurationIsVisible = 0;
			defaultConfigurationName = Release;
		};
		86479FFB2AAF54C500EC0EEF /* Build configuration list for PBXNativeTarget "CodePath_Unit2_Flixster_PT1UITests" */ = {
			isa = XCConfigurationList;
			buildConfigurations = (
				86479FFC2AAF54C500EC0EEF /* Debug */,
				86479FFD2AAF54C500EC0EEF /* Release */,
			);
			defaultConfigurationIsVisible = 0;
			defaultConfigurationName = Release;
		};
/* End XCConfigurationList section */

/* Begin XCRemoteSwiftPackageReference section */
		8647A0052AAFA7A200EC0EEF /* XCRemoteSwiftPackageReference "Nuke" */ = {
			isa = XCRemoteSwiftPackageReference;
			repositoryURL = "https://github.com/kean/Nuke.git";
			requirement = {
				kind = upToNextMajorVersion;
				minimumVersion = 10.0.0;
			};
		};
/* End XCRemoteSwiftPackageReference section */

/* Begin XCSwiftPackageProductDependency section */
		8647A0062AAFA7A200EC0EEF /* Nuke */ = {
			isa = XCSwiftPackageProductDependency;
			package = 8647A0052AAFA7A200EC0EEF /* XCRemoteSwiftPackageReference "Nuke" */;
			productName = Nuke;
		};
/* End XCSwiftPackageProductDependency section */
	};
	rootObject = 86479FC32AAF54BD00EC0EEF /* Project object */;
}
